
Microsoft Visual Studio Solution File, Format Version 12.00
# Visual Studio 15
VisualStudioVersion = 15.0.26430.12
MinimumVisualStudioVersion = 10.0.40219.1
Project("{2150E333-8FDC-42A3-9474-1A3956D46DE8}") = "Solution Items", "Solution Items", "{03DD817E-BC54-4AAF-85C4-47918C21DCC0}"
	ProjectSection(SolutionItems) = preProject
		readme.md = readme.md
	EndProjectSection
EndProject
Project("{2150E333-8FDC-42A3-9474-1A3956D46DE8}") = "Sample", "Sample", "{658D72A6-725E-44E1-A76D-AF4D35643465}"
EndProject
Project("{2150E333-8FDC-42A3-9474-1A3956D46DE8}") = "Common", "Common", "{C5260870-8364-4986-9E77-BACBBC6ED73E}"
EndProject
Project("{FAE04EC0-301F-11D3-BF4B-00C04F79EFBC}") = "Mico", "Common\Mico\Mico.csproj", "{5809F77E-DBD1-462C-92C1-358CD212FC71}"
EndProject
Project("{FAE04EC0-301F-11D3-BF4B-00C04F79EFBC}") = "Mico.Cube.Sample", "Sample\Mico.Cube.Sample\Mico.Cube.Sample.csproj", "{261686A1-1560-43BD-AB39-DE5B700CE417}"
EndProject
Project("{FAE04EC0-301F-11D3-BF4B-00C04F79EFBC}") = "Mico.Collider.Sample", "Sample\Mico.Collider.Sample\Mico.Collider.Sample.csproj", "{58A99BF7-BE04-47FB-A6DA-0A674590544F}"
EndProject
Project("{2150E333-8FDC-42A3-9474-1A3956D46DE8}") = "References", "References", "{98FF71A4-5DEE-4065-B8C3-07370F7A6E45}"
EndProject
Project("{FAE04EC0-301F-11D3-BF4B-00C04F79EFBC}") = "Presenter", "..\Presenter\Presenter\Presenter.csproj", "{517B86EB-B3E9-4FA5-8034-C54475DD3009}"
EndProject
Project("{FAE04EC0-301F-11D3-BF4B-00C04F79EFBC}") = "APILibrary", "..\APILibrary\APILibrary\APILibrary.csproj", "{5359E988-F8FB-4597-9655-9F976B5F1CF5}"
EndProject
Project("{FAE04EC0-301F-11D3-BF4B-00C04F79EFBC}") = "Builder", "..\Builder\Builder\Builder.csproj", "{D6E4E0BA-FE87-46A7-8E1E-A1B869C5F72B}"
EndProject
Project("{FAE04EC0-301F-11D3-BF4B-00C04F79EFBC}") = "PresenterDX12", "..\Presenter\PresenterDX12\PresenterDX12.csproj", "{E0FF994A-36AC-4522-A81B-D85327286ED3}"
EndProject
Project("{FAE04EC0-301F-11D3-BF4B-00C04F79EFBC}") = "PresenterDX11on12", "..\Presenter\PresenterDX11on12\PresenterDX11on12.csproj", "{F38C231B-5A16-479B-AA7D-4048E911E8ED}"
EndProject
Global
	GlobalSection(SolutionConfigurationPlatforms) = preSolution
		Debug|Any CPU = Debug|Any CPU
		Debug|x64 = Debug|x64
		Debug|x86 = Debug|x86
		Release|Any CPU = Release|Any CPU
		Release|x64 = Release|x64
		Release|x86 = Release|x86
	EndGlobalSection
	GlobalSection(ProjectConfigurationPlatforms) = postSolution
		{5809F77E-DBD1-462C-92C1-358CD212FC71}.Debug|Any CPU.ActiveCfg = Debug|Any CPU
		{5809F77E-DBD1-462C-92C1-358CD212FC71}.Debug|Any CPU.Build.0 = Debug|Any CPU
		{5809F77E-DBD1-462C-92C1-358CD212FC71}.Debug|x64.ActiveCfg = Debug|Any CPU
		{5809F77E-DBD1-462C-92C1-358CD212FC71}.Debug|x64.Build.0 = Debug|Any CPU
		{5809F77E-DBD1-462C-92C1-358CD212FC71}.Debug|x86.ActiveCfg = Debug|Any CPU
		{5809F77E-DBD1-462C-92C1-358CD212FC71}.Debug|x86.Build.0 = Debug|Any CPU
		{5809F77E-DBD1-462C-92C1-358CD212FC71}.Debug|x86.Deploy.0 = Debug|Any CPU
		{5809F77E-DBD1-462C-92C1-358CD212FC71}.Release|Any CPU.ActiveCfg = Release|Any CPU
		{5809F77E-DBD1-462C-92C1-358CD212FC71}.Release|Any CPU.Build.0 = Release|Any CPU
		{5809F77E-DBD1-462C-92C1-358CD212FC71}.Release|x64.ActiveCfg = Release|Any CPU
		{5809F77E-DBD1-462C-92C1-358CD212FC71}.Release|x64.Build.0 = Release|Any CPU
		{5809F77E-DBD1-462C-92C1-358CD212FC71}.Release|x86.ActiveCfg = Release|Any CPU
		{5809F77E-DBD1-462C-92C1-358CD212FC71}.Release|x86.Build.0 = Release|Any CPU
		{261686A1-1560-43BD-AB39-DE5B700CE417}.Debug|Any CPU.ActiveCfg = Debug|Any CPU
		{261686A1-1560-43BD-AB39-DE5B700CE417}.Debug|Any CPU.Build.0 = Debug|Any CPU
		{261686A1-1560-43BD-AB39-DE5B700CE417}.Debug|x64.ActiveCfg = Debug|Any CPU
		{261686A1-1560-43BD-AB39-DE5B700CE417}.Debug|x64.Build.0 = Debug|Any CPU
		{261686A1-1560-43BD-AB39-DE5B700CE417}.Debug|x86.ActiveCfg = Debug|Any CPU
		{261686A1-1560-43BD-AB39-DE5B700CE417}.Debug|x86.Build.0 = Debug|Any CPU
		{261686A1-1560-43BD-AB39-DE5B700CE417}.Release|Any CPU.ActiveCfg = Release|Any CPU
		{261686A1-1560-43BD-AB39-DE5B700CE417}.Release|Any CPU.Build.0 = Release|Any CPU
		{261686A1-1560-43BD-AB39-DE5B700CE417}.Release|x64.ActiveCfg = Release|Any CPU
		{261686A1-1560-43BD-AB39-DE5B700CE417}.Release|x64.Build.0 = Release|Any CPU
		{261686A1-1560-43BD-AB39-DE5B700CE417}.Release|x86.ActiveCfg = Release|Any CPU
		{261686A1-1560-43BD-AB39-DE5B700CE417}.Release|x86.Build.0 = Release|Any CPU
		{58A99BF7-BE04-47FB-A6DA-0A674590544F}.Debug|Any CPU.ActiveCfg = Debug|Any CPU
		{58A99BF7-BE04-47FB-A6DA-0A674590544F}.Debug|Any CPU.Build.0 = Debug|Any CPU
		{58A99BF7-BE04-47FB-A6DA-0A674590544F}.Debug|x64.ActiveCfg = Debug|Any CPU
		{58A99BF7-BE04-47FB-A6DA-0A674590544F}.Debug|x64.Build.0 = Debug|Any CPU
		{58A99BF7-BE04-47FB-A6DA-0A674590544F}.Debug|x86.ActiveCfg = Debug|Any CPU
		{58A99BF7-BE04-47FB-A6DA-0A674590544F}.Debug|x86.Build.0 = Debug|Any CPU
		{58A99BF7-BE04-47FB-A6DA-0A674590544F}.Release|Any CPU.ActiveCfg = Release|Any CPU
		{58A99BF7-BE04-47FB-A6DA-0A674590544F}.Release|Any CPU.Build.0 = Release|Any CPU
		{58A99BF7-BE04-47FB-A6DA-0A674590544F}.Release|x64.ActiveCfg = Release|Any CPU
		{58A99BF7-BE04-47FB-A6DA-0A674590544F}.Release|x64.Build.0 = Release|Any CPU
		{58A99BF7-BE04-47FB-A6DA-0A674590544F}.Release|x86.ActiveCfg = Release|Any CPU
		{58A99BF7-BE04-47FB-A6DA-0A674590544F}.Release|x86.Build.0 = Release|Any CPU
		{517B86EB-B3E9-4FA5-8034-C54475DD3009}.Debug|Any CPU.ActiveCfg = Debug|Any CPU
		{517B86EB-B3E9-4FA5-8034-C54475DD3009}.Debug|Any CPU.Build.0 = Debug|Any CPU
		{517B86EB-B3E9-4FA5-8034-C54475DD3009}.Debug|x64.ActiveCfg = Debug|Any CPU
		{517B86EB-B3E9-4FA5-8034-C54475DD3009}.Debug|x64.Build.0 = Debug|Any CPU
		{517B86EB-B3E9-4FA5-8034-C54475DD3009}.Debug|x86.ActiveCfg = Debug|Any CPU
		{517B86EB-B3E9-4FA5-8034-C54475DD3009}.Debug|x86.Build.0 = Debug|Any CPU
		{517B86EB-B3E9-4FA5-8034-C54475DD3009}.Release|Any CPU.ActiveCfg = Release|Any CPU
		{517B86EB-B3E9-4FA5-8034-C54475DD3009}.Release|Any CPU.Build.0 = Release|Any CPU
		{517B86EB-B3E9-4FA5-8034-C54475DD3009}.Release|x64.ActiveCfg = Release|Any CPU
		{517B86EB-B3E9-4FA5-8034-C54475DD3009}.Release|x64.Build.0 = Release|Any CPU
		{517B86EB-B3E9-4FA5-8034-C54475DD3009}.Release|x86.ActiveCfg = Release|Any CPU
		{517B86EB-B3E9-4FA5-8034-C54475DD3009}.Release|x86.Build.0 = Release|Any CPU
		{5359E988-F8FB-4597-9655-9F976B5F1CF5}.Debug|Any CPU.ActiveCfg = Debug|Any CPU
		{5359E988-F8FB-4597-9655-9F976B5F1CF5}.Debug|Any CPU.Build.0 = Debug|Any CPU
		{5359E988-F8FB-4597-9655-9F976B5F1CF5}.Debug|x64.ActiveCfg = Debug|Any CPU
		{5359E988-F8FB-4597-9655-9F976B5F1CF5}.Debug|x64.Build.0 = Debug|Any CPU
		{5359E988-F8FB-4597-9655-9F976B5F1CF5}.Debug|x86.ActiveCfg = Debug|Any CPU
		{5359E988-F8FB-4597-9655-9F976B5F1CF5}.Debug|x86.Build.0 = Debug|Any CPU
		{5359E988-F8FB-4597-9655-9F976B5F1CF5}.Release|Any CPU.ActiveCfg = Release|Any CPU
		{5359E988-F8FB-4597-9655-9F976B5F1CF5}.Release|Any CPU.Build.0 = Release|Any CPU
		{5359E988-F8FB-4597-9655-9F976B5F1CF5}.Release|x64.ActiveCfg = Release|Any CPU
		{5359E988-F8FB-4597-9655-9F976B5F1CF5}.Release|x64.Build.0 = Release|Any CPU
		{5359E988-F8FB-4597-9655-9F976B5F1CF5}.Release|x86.ActiveCfg = Release|Any CPU
		{5359E988-F8FB-4597-9655-9F976B5F1CF5}.Release|x86.Build.0 = Release|Any CPU
		{D6E4E0BA-FE87-46A7-8E1E-A1B869C5F72B}.Debug|Any CPU.ActiveCfg = Debug|Any CPU
		{D6E4E0BA-FE87-46A7-8E1E-A1B869C5F72B}.Debug|Any CPU.Build.0 = Debug|Any CPU
		{D6E4E0BA-FE87-46A7-8E1E-A1B869C5F72B}.Debug|x64.ActiveCfg = Debug|Any CPU
		{D6E4E0BA-FE87-46A7-8E1E-A1B869C5F72B}.Debug|x64.Build.0 = Debug|Any CPU
		{D6E4E0BA-FE87-46A7-8E1E-A1B869C5F72B}.Debug|x86.ActiveCfg = Debug|Any CPU
		{D6E4E0BA-FE87-46A7-8E1E-A1B869C5F72B}.Debug|x86.Build.0 = Debug|Any CPU
		{D6E4E0BA-FE87-46A7-8E1E-A1B869C5F72B}.Release|Any CPU.ActiveCfg = Release|Any CPU
		{D6E4E0BA-FE87-46A7-8E1E-A1B869C5F72B}.Release|Any CPU.Build.0 = Release|Any CPU
		{D6E4E0BA-FE87-46A7-8E1E-A1B869C5F72B}.Release|x64.ActiveCfg = Release|Any CPU
		{D6E4E0BA-FE87-46A7-8E1E-A1B869C5F72B}.Release|x64.Build.0 = Release|Any CPU
		{D6E4E0BA-FE87-46A7-8E1E-A1B869C5F72B}.Release|x86.ActiveCfg = Release|Any CPU
		{D6E4E0BA-FE87-46A7-8E1E-A1B869C5F72B}.Release|x86.Build.0 = Release|Any CPU
		{E0FF994A-36AC-4522-A81B-D85327286ED3}.Debug|Any CPU.ActiveCfg = Debug|Any CPU
		{E0FF994A-36AC-4522-A81B-D85327286ED3}.Debug|Any CPU.Build.0 = Debug|Any CPU
		{E0FF994A-36AC-4522-A81B-D85327286ED3}.Debug|x64.ActiveCfg = Debug|Any CPU
		{E0FF994A-36AC-4522-A81B-D85327286ED3}.Debug|x64.Build.0 = Debug|Any CPU
		{E0FF994A-36AC-4522-A81B-D85327286ED3}.Debug|x86.ActiveCfg = Debug|Any CPU
		{E0FF994A-36AC-4522-A81B-D85327286ED3}.Debug|x86.Build.0 = Debug|Any CPU
		{E0FF994A-36AC-4522-A81B-D85327286ED3}.Release|Any CPU.ActiveCfg = Release|Any CPU
		{E0FF994A-36AC-4522-A81B-D85327286ED3}.Release|Any CPU.Build.0 = Release|Any CPU
		{E0FF994A-36AC-4522-A81B-D85327286ED3}.Release|x64.ActiveCfg = Release|Any CPU
		{E0FF994A-36AC-4522-A81B-D85327286ED3}.Release|x64.Build.0 = Release|Any CPU
		{E0FF994A-36AC-4522-A81B-D85327286ED3}.Release|x86.ActiveCfg = Release|Any CPU
		{E0FF994A-36AC-4522-A81B-D85327286ED3}.Release|x86.Build.0 = Release|Any CPU
		{F38C231B-5A16-479B-AA7D-4048E911E8ED}.Debug|Any CPU.ActiveCfg = Debug|Any CPU
		{F38C231B-5A16-479B-AA7D-4048E911E8ED}.Debug|Any CPU.Build.0 = Debug|Any CPU
		{F38C231B-5A16-479B-AA7D-4048E911E8ED}.Debug|x64.ActiveCfg = Debug|Any CPU
		{F38C231B-5A16-479B-AA7D-4048E911E8ED}.Debug|x64.Build.0 = Debug|Any CPU
		{F38C231B-5A16-479B-AA7D-4048E911E8ED}.Debug|x86.ActiveCfg = Debug|Any CPU
		{F38C231B-5A16-479B-AA7D-4048E911E8ED}.Debug|x86.Build.0 = Debug|Any CPU
		{F38C231B-5A16-479B-AA7D-4048E911E8ED}.Release|Any CPU.ActiveCfg = Release|Any CPU
		{F38C231B-5A16-479B-AA7D-4048E911E8ED}.Release|Any CPU.Build.0 = Release|Any CPU
		{F38C231B-5A16-479B-AA7D-4048E911E8ED}.Release|x64.ActiveCfg = Release|Any CPU
		{F38C231B-5A16-479B-AA7D-4048E911E8ED}.Release|x64.Build.0 = Release|Any CPU
		{F38C231B-5A16-479B-AA7D-4048E911E8ED}.Release|x86.ActiveCfg = Release|Any CPU
		{F38C231B-5A16-479B-AA7D-4048E911E8ED}.Release|x86.Build.0 = Release|Any CPU
	EndGlobalSection
	GlobalSection(SolutionProperties) = preSolution
		HideSolutionNode = FALSE
	EndGlobalSection
	GlobalSection(NestedProjects) = preSolution
		{5809F77E-DBD1-462C-92C1-358CD212FC71} = {C5260870-8364-4986-9E77-BACBBC6ED73E}
		{261686A1-1560-43BD-AB39-DE5B700CE417} = {658D72A6-725E-44E1-A76D-AF4D35643465}
		{58A99BF7-BE04-47FB-A6DA-0A674590544F} = {658D72A6-725E-44E1-A76D-AF4D35643465}
		{517B86EB-B3E9-4FA5-8034-C54475DD3009} = {98FF71A4-5DEE-4065-B8C3-07370F7A6E45}
		{5359E988-F8FB-4597-9655-9F976B5F1CF5} = {98FF71A4-5DEE-4065-B8C3-07370F7A6E45}
		{D6E4E0BA-FE87-46A7-8E1E-A1B869C5F72B} = {98FF71A4-5DEE-4065-B8C3-07370F7A6E45}
		{E0FF994A-36AC-4522-A81B-D85327286ED3} = {98FF71A4-5DEE-4065-B8C3-07370F7A6E45}
		{F38C231B-5A16-479B-AA7D-4048E911E8ED} = {98FF71A4-5DEE-4065-B8C3-07370F7A6E45}
	EndGlobalSection
EndGlobal
